
Microsoft Visual Studio Solution File, Format Version 12.00
# Visual Studio Version 17
VisualStudioVersion = 17.7.34221.43
MinimumVisualStudioVersion = 10.0.40219.1
Project("{FAE04EC0-301F-11D3-BF4B-00C04F79EFBC}") = "TreeViewTestApp", "TreeViewTestApp\TreeViewTestApp.csproj", "{831DEA5F-6724-4AC0-9AA7-C610C11E4FEE}"
EndProject
Global
	GlobalSection(SolutionConfigurationPlatforms) = preSolution
		Debug|Any CPU = Debug|Any CPU
		Release|Any CPU = Release|Any CPU
	EndGlobalSection
	GlobalSection(ProjectConfigurationPlatforms) = postSolution
		{831DEA5F-6724-4AC0-9AA7-C610C11E4FEE}.Debug|Any CPU.ActiveCfg = Debug|Any CPU
		{831DEA5F-6724-4AC0-9AA7-C610C11E4FEE}.Debug|Any CPU.Build.0 = Debug|Any CPU
		{831DEA5F-6724-4AC0-9AA7-C610C11E4FEE}.Release|Any CPU.ActiveCfg = Release|Any CPU
		{831DEA5F-6724-4AC0-9AA7-C610C11E4FEE}.Release|Any CPU.Build.0 = Release|Any CPU
	EndGlobalSection
	GlobalSection(SolutionProperties) = preSolution
		HideSolutionNode = FALSE
	EndGlobalSection
	GlobalSection(ExtensibilityGlobals) = postSolution
		SolutionGuid = {7E90425D-6B39-4514-AF5C-6BB577D82D54}
	EndGlobalSection
EndGlobal
